
Microsoft Visual Studio Solution File, Format Version 12.00
# Visual Studio 14
VisualStudioVersion = 14.0.23107.0
MinimumVisualStudioVersion = 10.0.40219.1
Project("{FAE04EC0-301F-11D3-BF4B-00C04F79EFBC}") = "GK3D", "GK3D\GK3D.csproj", "{AE26B304-544B-405F-90B0-4F6DC80264BE}"
EndProject
Global
	GlobalSection(SolutionConfigurationPlatforms) = preSolution
		Debug|x86 = Debug|x86
		Release|x86 = Release|x86
	EndGlobalSection
	GlobalSection(ProjectConfigurationPlatforms) = postSolution
		{AE26B304-544B-405F-90B0-4F6DC80264BE}.Debug|x86.ActiveCfg = Debug|x86
		{AE26B304-544B-405F-90B0-4F6DC80264BE}.Debug|x86.Build.0 = Debug|x86
		{AE26B304-544B-405F-90B0-4F6DC80264BE}.Release|x86.ActiveCfg = Release|x86
		{AE26B304-544B-405F-90B0-4F6DC80264BE}.Release|x86.Build.0 = Release|x86
	EndGlobalSection
	GlobalSection(SolutionProperties) = preSolution
		HideSolutionNode = FALSE
	EndGlobalSection
EndGlobal
